// !$*UTF8*$!
{
	archiveVersion = 1;
	classes = {
	};
	objectVersion = 46;
	objects = {

/* Begin PBXBuildFile section */
		40629894BDFC62418B99076B /* Pods_SonicSlice.framework in Frameworks */ = {isa = PBXBuildFile; fileRef = AAECEAAF64AB3F359BC8985F /* Pods_SonicSlice.framework */; };
		A3FB99491FA1D7C000E89C00 /* BlueIceBackground.png in Resources */ = {isa = PBXBuildFile; fileRef = A3FB99481FA1D7C000E89C00 /* BlueIceBackground.png */; };
		A3FB994B1FA1D7C700E89C00 /* sonicRing.png in Resources */ = {isa = PBXBuildFile; fileRef = A3FB994A1FA1D7C700E89C00 /* sonicRing.png */; };
		A3FC94821F9B5C740029E3F3 /* AppDelegate.swift in Sources */ = {isa = PBXBuildFile; fileRef = A3FC94811F9B5C740029E3F3 /* AppDelegate.swift */; };
		A3FC94841F9B5C740029E3F3 /* GameScene.sks in Resources */ = {isa = PBXBuildFile; fileRef = A3FC94831F9B5C740029E3F3 /* GameScene.sks */; };
		A3FC94861F9B5C740029E3F3 /* Actions.sks in Resources */ = {isa = PBXBuildFile; fileRef = A3FC94851F9B5C740029E3F3 /* Actions.sks */; };
		A3FC94881F9B5C740029E3F3 /* GameScene.swift in Sources */ = {isa = PBXBuildFile; fileRef = A3FC94871F9B5C740029E3F3 /* GameScene.swift */; };
		A3FC948A1F9B5C740029E3F3 /* GameViewController.swift in Sources */ = {isa = PBXBuildFile; fileRef = A3FC94891F9B5C740029E3F3 /* GameViewController.swift */; };
		A3FC948D1F9B5C740029E3F3 /* Main.storyboard in Resources */ = {isa = PBXBuildFile; fileRef = A3FC948B1F9B5C740029E3F3 /* Main.storyboard */; };
		A3FC948F1F9B5C740029E3F3 /* Assets.xcassets in Resources */ = {isa = PBXBuildFile; fileRef = A3FC948E1F9B5C740029E3F3 /* Assets.xcassets */; };
		A3FC94921F9B5C740029E3F3 /* LaunchScreen.storyboard in Resources */ = {isa = PBXBuildFile; fileRef = A3FC94901F9B5C740029E3F3 /* LaunchScreen.storyboard */; };
		A3FC949F1F9B5E270029E3F3 /* GameOverScene.swift in Sources */ = {isa = PBXBuildFile; fileRef = A3FC949D1F9B5E270029E3F3 /* GameOverScene.swift */; };
		A3FC94A01F9B5E270029E3F3 /* MainMenuScene.swift in Sources */ = {isa = PBXBuildFile; fileRef = A3FC949E1F9B5E270029E3F3 /* MainMenuScene.swift */; };
		A3FC94A21F9B5F780029E3F3 /* DiscsBackground.png in Resources */ = {isa = PBXBuildFile; fileRef = A3FC94A11F9B5F780029E3F3 /* DiscsBackground.png */; };
		A3FC94A41F9B5F980029E3F3 /* Click.wav in Resources */ = {isa = PBXBuildFile; fileRef = A3FC94A31F9B5F980029E3F3 /* Click.wav */; };
		A3FC94A61F9B5F9B0029E3F3 /* Correct.wav in Resources */ = {isa = PBXBuildFile; fileRef = A3FC94A51F9B5F9B0029E3F3 /* Correct.wav */; };
		A3FC94A81F9B5FA10029E3F3 /* Disc.png in Resources */ = {isa = PBXBuildFile; fileRef = A3FC94A71F9B5FA10029E3F3 /* Disc.png */; };
		A3FC94AA1F9B5FA40029E3F3 /* gameMusic.wav in Resources */ = {isa = PBXBuildFile; fileRef = A3FC94A91F9B5FA40029E3F3 /* gameMusic.wav */; };
		A3FC94AC1F9B5FA80029E3F3 /* GameOverSound.wav in Resources */ = {isa = PBXBuildFile; fileRef = A3FC94AB1F9B5FA80029E3F3 /* GameOverSound.wav */; };
		A3FC94AE1F9B5FAC0029E3F3 /* pacifo.ttf in Resources */ = {isa = PBXBuildFile; fileRef = A3FC94AD1F9B5FAC0029E3F3 /* pacifo.ttf */; };
		A3FC94B01F9B5FAF0029E3F3 /* swoosh1.caf in Resources */ = {isa = PBXBuildFile; fileRef = A3FC94AF1F9B5FAF0029E3F3 /* swoosh1.caf */; };
		A3FC94B71F9EDD8C0029E3F3 /* GoogleService-Info.plist in Resources */ = {isa = PBXBuildFile; fileRef = A3FC94B91F9EDD8C0029E3F3 /* GoogleService-Info.plist */; };
/* End PBXBuildFile section */

/* Begin PBXFileReference section */
		35D01F5BB2BC9AE79597647C /* Pods-SonicSlice.debug.xcconfig */ = {isa = PBXFileReference; includeInIndex = 1; lastKnownFileType = text.xcconfig; name = "Pods-SonicSlice.debug.xcconfig"; path = "Pods/Target Support Files/Pods-SonicSlice/Pods-SonicSlice.debug.xcconfig"; sourceTree = "<group>"; };
		A3FB99481FA1D7C000E89C00 /* BlueIceBackground.png */ = {isa = PBXFileReference; lastKnownFileType = image.png; name = BlueIceBackground.png; path = Etc/BlueIceBackground.png; sourceTree = "<group>"; };
		A3FB994A1FA1D7C700E89C00 /* sonicRing.png */ = {isa = PBXFileReference; lastKnownFileType = image.png; name = sonicRing.png; path = Etc/sonicRing.png; sourceTree = "<group>"; };
		A3FC947E1F9B5C740029E3F3 /* SonicSlice.app */ = {isa = PBXFileReference; explicitFileType = wrapper.application; includeInIndex = 0; path = SonicSlice.app; sourceTree = BUILT_PRODUCTS_DIR; };
		A3FC94811F9B5C740029E3F3 /* AppDelegate.swift */ = {isa = PBXFileReference; lastKnownFileType = sourcecode.swift; path = AppDelegate.swift; sourceTree = "<group>"; };
		A3FC94831F9B5C740029E3F3 /* GameScene.sks */ = {isa = PBXFileReference; lastKnownFileType = file.sks; path = GameScene.sks; sourceTree = "<group>"; };
		A3FC94851F9B5C740029E3F3 /* Actions.sks */ = {isa = PBXFileReference; lastKnownFileType = file.sks; path = Actions.sks; sourceTree = "<group>"; };
		A3FC94871F9B5C740029E3F3 /* GameScene.swift */ = {isa = PBXFileReference; lastKnownFileType = sourcecode.swift; path = GameScene.swift; sourceTree = "<group>"; };
		A3FC94891F9B5C740029E3F3 /* GameViewController.swift */ = {isa = PBXFileReference; lastKnownFileType = sourcecode.swift; path = GameViewController.swift; sourceTree = "<group>"; };
		A3FC948C1F9B5C740029E3F3 /* Base */ = {isa = PBXFileReference; lastKnownFileType = file.storyboard; name = Base; path = Base.lproj/Main.storyboard; sourceTree = "<group>"; };
		A3FC948E1F9B5C740029E3F3 /* Assets.xcassets */ = {isa = PBXFileReference; lastKnownFileType = folder.assetcatalog; path = Assets.xcassets; sourceTree = "<group>"; };
		A3FC94911F9B5C740029E3F3 /* Base */ = {isa = PBXFileReference; lastKnownFileType = file.storyboard; name = Base; path = Base.lproj/LaunchScreen.storyboard; sourceTree = "<group>"; };
		A3FC94931F9B5C750029E3F3 /* Info.plist */ = {isa = PBXFileReference; lastKnownFileType = text.plist.xml; path = Info.plist; sourceTree = "<group>"; };
		A3FC949D1F9B5E270029E3F3 /* GameOverScene.swift */ = {isa = PBXFileReference; fileEncoding = 4; lastKnownFileType = sourcecode.swift; path = GameOverScene.swift; sourceTree = "<group>"; };
		A3FC949E1F9B5E270029E3F3 /* MainMenuScene.swift */ = {isa = PBXFileReference; fileEncoding = 4; lastKnownFileType = sourcecode.swift; path = MainMenuScene.swift; sourceTree = "<group>"; };
		A3FC94A11F9B5F780029E3F3 /* DiscsBackground.png */ = {isa = PBXFileReference; lastKnownFileType = image.png; name = DiscsBackground.png; path = Etc/DiscsBackground.png; sourceTree = "<group>"; };
		A3FC94A31F9B5F980029E3F3 /* Click.wav */ = {isa = PBXFileReference; lastKnownFileType = audio.wav; name = Click.wav; path = Etc/Click.wav; sourceTree = "<group>"; };
		A3FC94A51F9B5F9B0029E3F3 /* Correct.wav */ = {isa = PBXFileReference; lastKnownFileType = audio.wav; name = Correct.wav; path = Etc/Correct.wav; sourceTree = "<group>"; };
		A3FC94A71F9B5FA10029E3F3 /* Disc.png */ = {isa = PBXFileReference; lastKnownFileType = image.png; name = Disc.png; path = Etc/Disc.png; sourceTree = "<group>"; };
		A3FC94A91F9B5FA40029E3F3 /* gameMusic.wav */ = {isa = PBXFileReference; lastKnownFileType = audio.wav; name = gameMusic.wav; path = Etc/gameMusic.wav; sourceTree = "<group>"; };
		A3FC94AB1F9B5FA80029E3F3 /* GameOverSound.wav */ = {isa = PBXFileReference; lastKnownFileType = audio.wav; name = GameOverSound.wav; path = Etc/GameOverSound.wav; sourceTree = "<group>"; };
		A3FC94AD1F9B5FAC0029E3F3 /* pacifo.ttf */ = {isa = PBXFileReference; lastKnownFileType = file; name = pacifo.ttf; path = Etc/pacifo.ttf; sourceTree = "<group>"; };
		A3FC94AF1F9B5FAF0029E3F3 /* swoosh1.caf */ = {isa = PBXFileReference; lastKnownFileType = file; name = swoosh1.caf; path = Etc/swoosh1.caf; sourceTree = "<group>"; };
		A3FC94B81F9EDD8C0029E3F3 /* Base */ = {isa = PBXFileReference; lastKnownFileType = text.plist; name = Base; path = "Base.lproj/GoogleService-Info.plist"; sourceTree = "<group>"; };
		AAECEAAF64AB3F359BC8985F /* Pods_SonicSlice.framework */ = {isa = PBXFileReference; explicitFileType = wrapper.framework; includeInIndex = 0; path = Pods_SonicSlice.framework; sourceTree = BUILT_PRODUCTS_DIR; };
		F8C5477EDAA10E843C5B582C /* Pods-SonicSlice.release.xcconfig */ = {isa = PBXFileReference; includeInIndex = 1; lastKnownFileType = text.xcconfig; name = "Pods-SonicSlice.release.xcconfig"; path = "Pods/Target Support Files/Pods-SonicSlice/Pods-SonicSlice.release.xcconfig"; sourceTree = "<group>"; };
/* End PBXFileReference section */

/* Begin PBXFrameworksBuildPhase section */
		A3FC947B1F9B5C740029E3F3 /* Frameworks */ = {
			isa = PBXFrameworksBuildPhase;
			buildActionMask = 2147483647;
			files = (
				40629894BDFC62418B99076B /* Pods_SonicSlice.framework in Frameworks */,
			);
			runOnlyForDeploymentPostprocessing = 0;
		};
/* End PBXFrameworksBuildPhase section */

/* Begin PBXGroup section */
		8E6FD5262BAFCD2CF23D9EC0 /* Frameworks */ = {
			isa = PBXGroup;
			children = (
				AAECEAAF64AB3F359BC8985F /* Pods_SonicSlice.framework */,
			);
			name = Frameworks;
			sourceTree = "<group>";
		};
		A3FC94751F9B5C740029E3F3 = {
			isa = PBXGroup;
			children = (
				A3FC94801F9B5C740029E3F3 /* SonicSlice */,
				A3FC947F1F9B5C740029E3F3 /* Products */,
				F924E3F35C0369E83AD78DD9 /* Pods */,
				8E6FD5262BAFCD2CF23D9EC0 /* Frameworks */,
			);
			sourceTree = "<group>";
		};
		A3FC947F1F9B5C740029E3F3 /* Products */ = {
			isa = PBXGroup;
			children = (
				A3FC947E1F9B5C740029E3F3 /* SonicSlice.app */,
			);
			name = Products;
			sourceTree = "<group>";
		};
		A3FC94801F9B5C740029E3F3 /* SonicSlice */ = {
			isa = PBXGroup;
			children = (
				A3FC94811F9B5C740029E3F3 /* AppDelegate.swift */,
				A3FC94831F9B5C740029E3F3 /* GameScene.sks */,
				A3FC94851F9B5C740029E3F3 /* Actions.sks */,
				A3FC94871F9B5C740029E3F3 /* GameScene.swift */,
				A3FC949D1F9B5E270029E3F3 /* GameOverScene.swift */,
				A3FC949E1F9B5E270029E3F3 /* MainMenuScene.swift */,
				A3FC94891F9B5C740029E3F3 /* GameViewController.swift */,
				A3FC948B1F9B5C740029E3F3 /* Main.storyboard */,
				A3FC948E1F9B5C740029E3F3 /* Assets.xcassets */,
				A3FC94901F9B5C740029E3F3 /* LaunchScreen.storyboard */,
				A3FC94A11F9B5F780029E3F3 /* DiscsBackground.png */,
				A3FC94A31F9B5F980029E3F3 /* Click.wav */,
				A3FC94A51F9B5F9B0029E3F3 /* Correct.wav */,
				A3FC94A71F9B5FA10029E3F3 /* Disc.png */,
				A3FC94A91F9B5FA40029E3F3 /* gameMusic.wav */,
				A3FC94AB1F9B5FA80029E3F3 /* GameOverSound.wav */,
				A3FC94AD1F9B5FAC0029E3F3 /* pacifo.ttf */,
				A3FC94AF1F9B5FAF0029E3F3 /* swoosh1.caf */,
				A3FB99481FA1D7C000E89C00 /* BlueIceBackground.png */,
				A3FB994A1FA1D7C700E89C00 /* sonicRing.png */,
				A3FC94931F9B5C750029E3F3 /* Info.plist */,
				A3FC94B91F9EDD8C0029E3F3 /* GoogleService-Info.plist */,
			);
			path = SonicSlice;
			sourceTree = "<group>";
		};
		F924E3F35C0369E83AD78DD9 /* Pods */ = {
			isa = PBXGroup;
			children = (
				35D01F5BB2BC9AE79597647C /* Pods-SonicSlice.debug.xcconfig */,
				F8C5477EDAA10E843C5B582C /* Pods-SonicSlice.release.xcconfig */,
			);
			name = Pods;
			sourceTree = "<group>";
		};
/* End PBXGroup section */

/* Begin PBXNativeTarget section */
		A3FC947D1F9B5C740029E3F3 /* SonicSlice */ = {
			isa = PBXNativeTarget;
			buildConfigurationList = A3FC94961F9B5C750029E3F3 /* Build configuration list for PBXNativeTarget "SonicSlice" */;
			buildPhases = (
				45A95F29ACEBF35E83692BA6 /* [CP] Check Pods Manifest.lock */,
				A3FC947A1F9B5C740029E3F3 /* Sources */,
				A3FC947B1F9B5C740029E3F3 /* Frameworks */,
				A3FC947C1F9B5C740029E3F3 /* Resources */,
				3F271FA5D4162BC5FF150874 /* [CP] Embed Pods Frameworks */,
				CD6920FA208E2545BC6D0F23 /* [CP] Copy Pods Resources */,
			);
			buildRules = (
			);
			dependencies = (
			);
			name = SonicSlice;
			productName = SonicSlice;
			productReference = A3FC947E1F9B5C740029E3F3 /* SonicSlice.app */;
			productType = "com.apple.product-type.application";
		};
/* End PBXNativeTarget section */

/* Begin PBXProject section */
		A3FC94761F9B5C740029E3F3 /* Project object */ = {
			isa = PBXProject;
			attributes = {
				LastSwiftUpdateCheck = 0830;
				LastUpgradeCheck = 0830;
				ORGANIZATIONNAME = KCStudios;
				TargetAttributes = {
					A3FC947D1F9B5C740029E3F3 = {
						CreatedOnToolsVersion = 8.3.3;
						DevelopmentTeam = HZVU9G8322;
						ProvisioningStyle = Automatic;
					};
				};
			};
			buildConfigurationList = A3FC94791F9B5C740029E3F3 /* Build configuration list for PBXProject "SonicSlice" */;
			compatibilityVersion = "Xcode 3.2";
			developmentRegion = English;
			hasScannedForEncodings = 0;
			knownRegions = (
				en,
				Base,
			);
			mainGroup = A3FC94751F9B5C740029E3F3;
			productRefGroup = A3FC947F1F9B5C740029E3F3 /* Products */;
			projectDirPath = "";
			projectRoot = "";
			targets = (
				A3FC947D1F9B5C740029E3F3 /* SonicSlice */,
			);
		};
/* End PBXProject section */

/* Begin PBXResourcesBuildPhase section */
		A3FC947C1F9B5C740029E3F3 /* Resources */ = {
			isa = PBXResourcesBuildPhase;
			buildActionMask = 2147483647;
			files = (
				A3FC948D1F9B5C740029E3F3 /* Main.storyboard in Resources */,
				A3FC94841F9B5C740029E3F3 /* GameScene.sks in Resources */,
				A3FC94B71F9EDD8C0029E3F3 /* GoogleService-Info.plist in Resources */,
				A3FC94A61F9B5F9B0029E3F3 /* Correct.wav in Resources */,
				A3FC94AA1F9B5FA40029E3F3 /* gameMusic.wav in Resources */,
				A3FC94A81F9B5FA10029E3F3 /* Disc.png in Resources */,
				A3FC94AE1F9B5FAC0029E3F3 /* pacifo.ttf in Resources */,
				A3FC948F1F9B5C740029E3F3 /* Assets.xcassets in Resources */,
				A3FC94AC1F9B5FA80029E3F3 /* GameOverSound.wav in Resources */,
				A3FC94A21F9B5F780029E3F3 /* DiscsBackground.png in Resources */,
				A3FC94921F9B5C740029E3F3 /* LaunchScreen.storyboard in Resources */,
				A3FC94B01F9B5FAF0029E3F3 /* swoosh1.caf in Resources */,
				A3FB994B1FA1D7C700E89C00 /* sonicRing.png in Resources */,
				A3FC94861F9B5C740029E3F3 /* Actions.sks in Resources */,
				A3FB99491FA1D7C000E89C00 /* BlueIceBackground.png in Resources */,
				A3FC94A41F9B5F980029E3F3 /* Click.wav in Resources */,
			);
			runOnlyForDeploymentPostprocessing = 0;
		};
/* End PBXResourcesBuildPhase section */

/* Begin PBXShellScriptBuildPhase section */
		3F271FA5D4162BC5FF150874 /* [CP] Embed Pods Frameworks */ = {
			isa = PBXShellScriptBuildPhase;
			buildActionMask = 2147483647;
			files = (
			);
			inputPaths = (
				"${SRCROOT}/Pods/Target Support Files/Pods-SonicSlice/Pods-SonicSlice-frameworks.sh",
				"${BUILT_PRODUCTS_DIR}/GoogleToolboxForMac/GoogleToolboxForMac.framework",
				"${BUILT_PRODUCTS_DIR}/nanopb/nanopb.framework",
			);
			name = "[CP] Embed Pods Frameworks";
			outputPaths = (
				"${TARGET_BUILD_DIR}/${FRAMEWORKS_FOLDER_PATH}/GoogleToolboxForMac.framework",
				"${TARGET_BUILD_DIR}/${FRAMEWORKS_FOLDER_PATH}/nanopb.framework",
			);
			runOnlyForDeploymentPostprocessing = 0;
			shellPath = /bin/sh;
			shellScript = "\"${SRCROOT}/Pods/Target Support Files/Pods-SonicSlice/Pods-SonicSlice-frameworks.sh\"\n";
			showEnvVarsInLog = 0;
		};
		45A95F29ACEBF35E83692BA6 /* [CP] Check Pods Manifest.lock */ = {
			isa = PBXShellScriptBuildPhase;
			buildActionMask = 2147483647;
			files = (
			);
			inputPaths = (
				"${PODS_PODFILE_DIR_PATH}/Podfile.lock",
				"${PODS_ROOT}/Manifest.lock",
			);
			name = "[CP] Check Pods Manifest.lock";
			outputPaths = (
				"$(DERIVED_FILE_DIR)/Pods-SonicSlice-checkManifestLockResult.txt",
			);
			runOnlyForDeploymentPostprocessing = 0;
			shellPath = /bin/sh;
			shellScript = "diff \"${PODS_PODFILE_DIR_PATH}/Podfile.lock\" \"${PODS_ROOT}/Manifest.lock\" > /dev/null\nif [ $? != 0 ] ; then\n    # print error to STDERR\n    echo \"error: The sandbox is not in sync with the Podfile.lock. Run 'pod install' or update your CocoaPods installation.\" >&2\n    exit 1\nfi\n# This output is used by Xcode 'outputs' to avoid re-running this script phase.\necho \"SUCCESS\" > \"${SCRIPT_OUTPUT_FILE_0}\"\n";
			showEnvVarsInLog = 0;
		};
		CD6920FA208E2545BC6D0F23 /* [CP] Copy Pods Resources */ = {
			isa = PBXShellScriptBuildPhase;
			buildActionMask = 2147483647;
			files = (
			);
			inputPaths = (
			);
			name = "[CP] Copy Pods Resources";
			outputPaths = (
			);
			runOnlyForDeploymentPostprocessing = 0;
			shellPath = /bin/sh;
			shellScript = "\"${SRCROOT}/Pods/Target Support Files/Pods-SonicSlice/Pods-SonicSlice-resources.sh\"\n";
			showEnvVarsInLog = 0;
		};
/* End PBXShellScriptBuildPhase section */

/* Begin PBXSourcesBuildPhase section */
		A3FC947A1F9B5C740029E3F3 /* Sources */ = {
			isa = PBXSourcesBuildPhase;
			buildActionMask = 2147483647;
			files = (
				A3FC94A01F9B5E270029E3F3 /* MainMenuScene.swift in Sources */,
				A3FC94881F9B5C740029E3F3 /* GameScene.swift in Sources */,
				A3FC948A1F9B5C740029E3F3 /* GameViewController.swift in Sources */,
				A3FC949F1F9B5E270029E3F3 /* GameOverScene.swift in Sources */,
				A3FC94821F9B5C740029E3F3 /* AppDelegate.swift in Sources */,
			);
			runOnlyForDeploymentPostprocessing = 0;
		};
/* End PBXSourcesBuildPhase section */

/* Begin PBXVariantGroup section */
		A3FC948B1F9B5C740029E3F3 /* Main.storyboard */ = {
			isa = PBXVariantGroup;
			children = (
				A3FC948C1F9B5C740029E3F3 /* Base */,
			);
			name = Main.storyboard;
			sourceTree = "<group>";
		};
		A3FC94901F9B5C740029E3F3 /* LaunchScreen.storyboard */ = {
			isa = PBXVariantGroup;
			children = (
				A3FC94911F9B5C740029E3F3 /* Base */,
			);
			name = LaunchScreen.storyboard;
			sourceTree = "<group>";
		};
		A3FC94B91F9EDD8C0029E3F3 /* GoogleService-Info.plist */ = {
			isa = PBXVariantGroup;
			children = (
				A3FC94B81F9EDD8C0029E3F3 /* Base */,
			);
			name = "GoogleService-Info.plist";
			sourceTree = SOURCE_ROOT;
		};
/* End PBXVariantGroup section */

/* Begin XCBuildConfiguration section */
		A3FC94941F9B5C750029E3F3 /* Debug */ = {
			isa = XCBuildConfiguration;
			buildSettings = {
				ALWAYS_SEARCH_USER_PATHS = NO;
				CLANG_ANALYZER_NONNULL = YES;
				CLANG_ANALYZER_NUMBER_OBJECT_CONVERSION = YES_AGGRESSIVE;
				CLANG_CXX_LANGUAGE_STANDARD = "gnu++0x";
				CLANG_CXX_LIBRARY = "libc++";
				CLANG_ENABLE_MODULES = YES;
				CLANG_ENABLE_OBJC_ARC = YES;
				CLANG_WARN_BOOL_CONVERSION = YES;
				CLANG_WARN_CONSTANT_CONVERSION = YES;
				CLANG_WARN_DIRECT_OBJC_ISA_USAGE = YES_ERROR;
				CLANG_WARN_DOCUMENTATION_COMMENTS = YES;
				CLANG_WARN_EMPTY_BODY = YES;
				CLANG_WARN_ENUM_CONVERSION = YES;
				CLANG_WARN_INFINITE_RECURSION = YES;
				CLANG_WARN_INT_CONVERSION = YES;
				CLANG_WARN_OBJC_ROOT_CLASS = YES_ERROR;
				CLANG_WARN_SUSPICIOUS_MOVE = YES;
				CLANG_WARN_UNREACHABLE_CODE = YES;
				CLANG_WARN__DUPLICATE_METHOD_MATCH = YES;
				"CODE_SIGN_IDENTITY[sdk=iphoneos*]" = "iPhone Developer";
				COPY_PHASE_STRIP = NO;
				DEBUG_INFORMATION_FORMAT = dwarf;
				ENABLE_STRICT_OBJC_MSGSEND = YES;
				ENABLE_TESTABILITY = YES;
				GCC_C_LANGUAGE_STANDARD = gnu99;
				GCC_DYNAMIC_NO_PIC = NO;
				GCC_NO_COMMON_BLOCKS = YES;
				GCC_OPTIMIZATION_LEVEL = 0;
				GCC_PREPROCESSOR_DEFINITIONS = (
					"DEBUG=1",
					"$(inherited)",
				);
				GCC_WARN_64_TO_32_BIT_CONVERSION = YES;
				GCC_WARN_ABOUT_RETURN_TYPE = YES_ERROR;
				GCC_WARN_UNDECLARED_SELECTOR = YES;
				GCC_WARN_UNINITIALIZED_AUTOS = YES_AGGRESSIVE;
				GCC_WARN_UNUSED_FUNCTION = YES;
				GCC_WARN_UNUSED_VARIABLE = YES;
				IPHONEOS_DEPLOYMENT_TARGET = 10.3;
				MTL_ENABLE_DEBUG_INFO = YES;
				ONLY_ACTIVE_ARCH = YES;
				SDKROOT = iphoneos;
				SWIFT_ACTIVE_COMPILATION_CONDITIONS = DEBUG;
				SWIFT_OPTIMIZATION_LEVEL = "-Onone";
				TARGETED_DEVICE_FAMILY = "1,2";
			};
			name = Debug;
		};
		A3FC94951F9B5C750029E3F3 /* Release */ = {
			isa = XCBuildConfiguration;
			buildSettings = {
				ALWAYS_SEARCH_USER_PATHS = NO;
				CLANG_ANALYZER_NONNULL = YES;
				CLANG_ANALYZER_NUMBER_OBJECT_CONVERSION = YES_AGGRESSIVE;
				CLANG_CXX_LANGUAGE_STANDARD = "gnu++0x";
				CLANG_CXX_LIBRARY = "libc++";
				CLANG_ENABLE_MODULES = YES;
				CLANG_ENABLE_OBJC_ARC = YES;
				CLANG_WARN_BOOL_CONVERSION = YES;
				CLANG_WARN_CONSTANT_CONVERSION = YES;
				CLANG_WARN_DIRECT_OBJC_ISA_USAGE = YES_ERROR;
				CLANG_WARN_DOCUMENTATION_COMMENTS = YES;
				CLANG_WARN_EMPTY_BODY = YES;
				CLANG_WARN_ENUM_CONVERSION = YES;
				CLANG_WARN_INFINITE_RECURSION = YES;
				CLANG_WARN_INT_CONVERSION = YES;
				CLANG_WARN_OBJC_ROOT_CLASS = YES_ERROR;
				CLANG_WARN_SUSPICIOUS_MOVE = YES;
				CLANG_WARN_UNREACHABLE_CODE = YES;
				CLANG_WARN__DUPLICATE_METHOD_MATCH = YES;
				"CODE_SIGN_IDENTITY[sdk=iphoneos*]" = "iPhone Developer";
				COPY_PHASE_STRIP = NO;
				DEBUG_INFORMATION_FORMAT = "dwarf-with-dsym";
				ENABLE_NS_ASSERTIONS = NO;
				ENABLE_STRICT_OBJC_MSGSEND = YES;
				GCC_C_LANGUAGE_STANDARD = gnu99;
				GCC_NO_COMMON_BLOCKS = YES;
				GCC_WARN_64_TO_32_BIT_CONVERSION = YES;
				GCC_WARN_ABOUT_RETURN_TYPE = YES_ERROR;
				GCC_WARN_UNDECLARED_SELECTOR = YES;
				GCC_WARN_UNINITIALIZED_AUTOS = YES_AGGRESSIVE;
				GCC_WARN_UNUSED_FUNCTION = YES;
				GCC_WARN_UNUSED_VARIABLE = YES;
				IPHONEOS_DEPLOYMENT_TARGET = 10.3;
				MTL_ENABLE_DEBUG_INFO = NO;
				SDKROOT = iphoneos;
				SWIFT_OPTIMIZATION_LEVEL = "-Owholemodule";
				TARGETED_DEVICE_FAMILY = "1,2";
				VALIDATE_PRODUCT = YES;
			};
			name = Release;
		};
		A3FC94971F9B5C750029E3F3 /* Debug */ = {
			isa = XCBuildConfiguration;
			baseConfigurationReference = 35D01F5BB2BC9AE79597647C /* Pods-SonicSlice.debug.xcconfig */;
			buildSettings = {
				ASSETCATALOG_COMPILER_APPICON_NAME = AppIcon;
				DEVELOPMENT_TEAM = HZVU9G8322;
				INFOPLIST_FILE = SonicSlice/Info.plist;
				LD_RUNPATH_SEARCH_PATHS = "$(inherited) @executable_path/Frameworks";
				PRODUCT_BUNDLE_IDENTIFIER = com.KCStudios.SonicSlice;
				PRODUCT_NAME = "$(TARGET_NAME)";
				SWIFT_VERSION = 3.0;
			};
			name = Debug;
		};
		A3FC94981F9B5C750029E3F3 /* Release */ = {
			isa = XCBuildConfiguration;
			baseConfigurationReference = F8C5477EDAA10E843C5B582C /* Pods-SonicSlice.release.xcconfig */;
			buildSettings = {
				ASSETCATALOG_COMPILER_APPICON_NAME = AppIcon;
				DEVELOPMENT_TEAM = HZVU9G8322;
				INFOPLIST_FILE = SonicSlice/Info.plist;
				LD_RUNPATH_SEARCH_PATHS = "$(inherited) @executable_path/Frameworks";
				PRODUCT_BUNDLE_IDENTIFIER = com.KCStudios.SonicSlice;
				PRODUCT_NAME = "$(TARGET_NAME)";
				SWIFT_VERSION = 3.0;
			};
			name = Release;
		};
/* End XCBuildConfiguration section */

/* Begin XCConfigurationList section */
		A3FC94791F9B5C740029E3F3 /* Build configuration list for PBXProject "SonicSlice" */ = {
			isa = XCConfigurationList;
			buildConfigurations = (
				A3FC94941F9B5C750029E3F3 /* Debug */,
				A3FC94951F9B5C750029E3F3 /* Release */,
			);
			defaultConfigurationIsVisible = 0;
			defaultConfigurationName = Release;
		};
		A3FC94961F9B5C750029E3F3 /* Build configuration list for PBXNativeTarget "SonicSlice" */ = {
			isa = XCConfigurationList;
			buildConfigurations = (
				A3FC94971F9B5C750029E3F3 /* Debug */,
				A3FC94981F9B5C750029E3F3 /* Release */,
			);
			defaultConfigurationIsVisible = 0;
			defaultConfigurationName = Release;
		};
/* End XCConfigurationList section */
	};
	rootObject = A3FC94761F9B5C740029E3F3 /* Project object */;
}
